{
  "pid": 776936,
  "startedAt": "2026-04-05T18:12:02.017Z",
  "unitType": "execute-task",
  "unitId": "M048/S01/T02",
  "unitStartedAt": "2026-04-05T18:12:02.017Z",
  "sessionFile": "/home/james/.gsd/agent/sessions/--home-james-Code-SemPKM-.gsd-worktrees-M048--/2026-04-05T18-09-42-749Z_5badecfa-da4a-4426-acf9-a8f8d557fd9c.jsonl"
}