{
  "pid": 776936,
  "startedAt": "2026-04-05T18:09:40.945Z",
  "unitType": "execute-task",
  "unitId": "M048/S01/T01",
  "unitStartedAt": "2026-04-05T18:09:40.945Z",
  "sessionFile": "/home/james/.gsd/agent/sessions/--home-james-Code-SemPKM-.gsd-worktrees-M048--/2026-04-05T18-04-32-851Z_1ad41c86-3944-44bf-af50-bfec43491241.jsonl"
}