{
  "pid": 34192,
  "startedAt": "2026-03-13T09:31:30.856Z",
  "unitType": "reassess-roadmap",
  "unitId": "M003/S06",
  "unitStartedAt": "2026-03-13T09:31:30.856Z",
  "completedUnits": 39,
  "sessionFile": "/home/james/.gsd/sessions/--home-james-Code-SemPKM--/2026-03-13T09-31-30-855Z_edd5f5f6-0c57-4379-a13a-d9661910eccc.jsonl"
}